<?xml version="1.0" encoding="utf-8"?>
<Project ToolsVersion="4.0" xmlns="http://schemas.microsoft.com/developer/msbuild/2003">
  <ItemGroup>
    <ClCompile Include="Debug.cpp" />
    <ClCompile Include="CtreeExtractor.cpp" />
    <ClCompile Include="GCCObjectFormatParser.cpp" />
    <ClCompile Include="GCCTypeInfo.cpp" />
    <ClCompile Include="GCCVtableInfo.cpp" />
    <ClCompile Include="IObjectFormatParser.cpp" />
    <ClCompile Include="MicrocodeExtractor.cpp" />
    <ClCompile Include="MSVCObjectFormatParser.cpp" />
    <ClCompile Include="ObjectExplorer.cpp" />
    <ClCompile Include="CodeXplorer.cpp" />
    <ClCompile Include="CtreeGraphBuilder.cpp" />
    <ClCompile Include="ReconstructableType.cpp" />
    <ClCompile Include="reconstructed_place_t.cpp" />
    <ClCompile Include="TypeReconstructor.cpp" />
    <ClCompile Include="TypeExtractor.cpp" />
    <ClCompile Include="Utility.cpp" />
    <ClCompile Include="Compat.cpp" />
  </ItemGroup>
  <ItemGroup>
    <ClInclude Include="Common.h" />
    <ClInclude Include="Debug.h" />
    <ClInclude Include="CtreeExtractor.h" />
    <ClInclude Include="GCCObjectFormatParser.h" />
    <ClInclude Include="GCCTypeInfo.h" />
    <ClInclude Include="GCCVtableInfo.h" />
    <ClInclude Include="IObjectFormatParser.h" />
    <ClInclude Include="Linux.h" />
    <ClInclude Include="MicrocodeExtractor.h" />
    <ClInclude Include="MSVCObjectFormatParser.h" />
    <ClInclude Include="ObjectExplorer.h" />
    <ClInclude Include="CtreeGraphBuilder.h" />
    <ClInclude Include="ReconstructableType.h" />
    <ClInclude Include="reconstructed_place_t.h" />
    <ClInclude Include="TypeReconstructor.h" />
    <ClInclude Include="TypeExtractor.h" />
    <ClInclude Include="Utility.h" />
  </ItemGroup>
  <ItemGroup>
    <Filter Include="资源段">
      <UniqueIdentifier>{b86b0c35-fa5b-4545-971c-ea4682b1bcc4}</UniqueIdentifier>
    </Filter>
  </ItemGroup>
  <ItemGroup>
    <None Include="PropertySheet.props">
      <Filter>资源段</Filter>
    </None>
    <None Include="makefile.lnx">
      <Filter>资源段</Filter>
    </None>
    <None Include="makefile.mac">
      <Filter>资源段</Filter>
    </None>
    <None Include="Makefile.osx">
      <Filter>资源段</Filter>
    </None>
    <None Include="makefile7.mac">
      <Filter>资源段</Filter>
    </None>
  </ItemGroup>
</Project>